
Microsoft Visual Studio Solution File, Format Version 12.00
# Visual Studio 2013
VisualStudioVersion = 12.0.20827.3
MinimumVisualStudioVersion = 10.0.40219.1
Project("{8BC9CEB8-8B4A-11D0-8D11-00A0C91BC942}") = "codegen", "codegen.vcxproj", "{9B5D2654-C9B8-4DBC-BD77-4466EB5DF9CC}"
EndProject
Project("{8BC9CEB8-8B4A-11D0-8D11-00A0C91BC942}") = "codegen-lib", "codegen-lib.vcxproj", "{471BBAFB-0AE7-4078-B490-1DF9092DE2C5}"
EndProject
Project("{8BC9CEB8-8B4A-11D0-8D11-00A0C91BC942}") = "codegen-lib-w81", "codegen-lib-w81.vcxproj", "{05493381-1D99-4E7A-BF47-23B6E90DC7B3}"
EndProject
Project("{8BC9CEB8-8B4A-11D0-8D11-00A0C91BC942}") = "codegen-lib-wp8", "codegen-lib-wp8.vcxproj", "{0079F78B-5FC9-4E53-91FB-8C5DDD83E7C2}"
EndProject
Global
	GlobalSection(SolutionConfigurationPlatforms) = preSolution
		Debug|ARM = Debug|ARM
		Debug|Win32 = Debug|Win32
		Debug|x64 = Debug|x64
		Release|ARM = Release|ARM
		Release|Win32 = Release|Win32
		Release|x64 = Release|x64
	EndGlobalSection
	GlobalSection(ProjectConfigurationPlatforms) = postSolution
		{9B5D2654-C9B8-4DBC-BD77-4466EB5DF9CC}.Debug|ARM.ActiveCfg = Debug|Win32
		{9B5D2654-C9B8-4DBC-BD77-4466EB5DF9CC}.Debug|Win32.ActiveCfg = Debug|Win32
		{9B5D2654-C9B8-4DBC-BD77-4466EB5DF9CC}.Debug|Win32.Build.0 = Debug|Win32
		{9B5D2654-C9B8-4DBC-BD77-4466EB5DF9CC}.Debug|x64.ActiveCfg = Debug|Win32
		{9B5D2654-C9B8-4DBC-BD77-4466EB5DF9CC}.Release|ARM.ActiveCfg = Release|Win32
		{9B5D2654-C9B8-4DBC-BD77-4466EB5DF9CC}.Release|Win32.ActiveCfg = Release|Win32
		{9B5D2654-C9B8-4DBC-BD77-4466EB5DF9CC}.Release|Win32.Build.0 = Release|Win32
		{9B5D2654-C9B8-4DBC-BD77-4466EB5DF9CC}.Release|x64.ActiveCfg = Release|Win32
		{471BBAFB-0AE7-4078-B490-1DF9092DE2C5}.Debug|ARM.ActiveCfg = Debug|Win32
		{471BBAFB-0AE7-4078-B490-1DF9092DE2C5}.Debug|Win32.ActiveCfg = Debug|Win32
		{471BBAFB-0AE7-4078-B490-1DF9092DE2C5}.Debug|Win32.Build.0 = Debug|Win32
		{471BBAFB-0AE7-4078-B490-1DF9092DE2C5}.Debug|x64.ActiveCfg = Debug|Win32
		{471BBAFB-0AE7-4078-B490-1DF9092DE2C5}.Release|ARM.ActiveCfg = Release|Win32
		{471BBAFB-0AE7-4078-B490-1DF9092DE2C5}.Release|Win32.ActiveCfg = Release|Win32
		{471BBAFB-0AE7-4078-B490-1DF9092DE2C5}.Release|Win32.Build.0 = Release|Win32
		{471BBAFB-0AE7-4078-B490-1DF9092DE2C5}.Release|x64.ActiveCfg = Release|Win32
		{05493381-1D99-4E7A-BF47-23B6E90DC7B3}.Debug|ARM.ActiveCfg = Debug|ARM
		{05493381-1D99-4E7A-BF47-23B6E90DC7B3}.Debug|ARM.Build.0 = Debug|ARM
		{05493381-1D99-4E7A-BF47-23B6E90DC7B3}.Debug|Win32.ActiveCfg = Debug|Win32
		{05493381-1D99-4E7A-BF47-23B6E90DC7B3}.Debug|Win32.Build.0 = Debug|Win32
		{05493381-1D99-4E7A-BF47-23B6E90DC7B3}.Debug|x64.ActiveCfg = Debug|x64
		{05493381-1D99-4E7A-BF47-23B6E90DC7B3}.Debug|x64.Build.0 = Debug|x64
		{05493381-1D99-4E7A-BF47-23B6E90DC7B3}.Release|ARM.ActiveCfg = Release|ARM
		{05493381-1D99-4E7A-BF47-23B6E90DC7B3}.Release|ARM.Build.0 = Release|ARM
		{05493381-1D99-4E7A-BF47-23B6E90DC7B3}.Release|Win32.ActiveCfg = Release|Win32
		{05493381-1D99-4E7A-BF47-23B6E90DC7B3}.Release|Win32.Build.0 = Release|Win32
		{05493381-1D99-4E7A-BF47-23B6E90DC7B3}.Release|x64.ActiveCfg = Release|x64
		{05493381-1D99-4E7A-BF47-23B6E90DC7B3}.Release|x64.Build.0 = Release|x64
		{0079F78B-5FC9-4E53-91FB-8C5DDD83E7C2}.Debug|ARM.ActiveCfg = Debug|ARM
		{0079F78B-5FC9-4E53-91FB-8C5DDD83E7C2}.Debug|ARM.Build.0 = Debug|ARM
		{0079F78B-5FC9-4E53-91FB-8C5DDD83E7C2}.Debug|Win32.ActiveCfg = Debug|Win32
		{0079F78B-5FC9-4E53-91FB-8C5DDD83E7C2}.Debug|Win32.Build.0 = Debug|Win32
		{0079F78B-5FC9-4E53-91FB-8C5DDD83E7C2}.Debug|x64.ActiveCfg = Debug|Win32
		{0079F78B-5FC9-4E53-91FB-8C5DDD83E7C2}.Release|ARM.ActiveCfg = Release|ARM
		{0079F78B-5FC9-4E53-91FB-8C5DDD83E7C2}.Release|ARM.Build.0 = Release|ARM
		{0079F78B-5FC9-4E53-91FB-8C5DDD83E7C2}.Release|Win32.ActiveCfg = Release|Win32
		{0079F78B-5FC9-4E53-91FB-8C5DDD83E7C2}.Release|Win32.Build.0 = Release|Win32
		{0079F78B-5FC9-4E53-91FB-8C5DDD83E7C2}.Release|x64.ActiveCfg = Release|Win32
	EndGlobalSection
	GlobalSection(SolutionProperties) = preSolution
		HideSolutionNode = FALSE
	EndGlobalSection
EndGlobal
