
Microsoft Visual Studio Solution File, Format Version 12.00
# Visual Studio 2013
VisualStudioVersion = 12.0.20827.3
MinimumVisualStudioVersion = 10.0.40219.1
Project("{8BC9CEB8-8B4A-11D0-8D11-00A0C91BC942}") = "codegen", "codegen.vcxproj", "{9B5D2654-C9B8-4DBC-BD77-4466EB5DF9CC}"
EndProject
Project("{8BC9CEB8-8B4A-11D0-8D11-00A0C91BC942}") = "codegen-lib", "codegen-lib.vcxproj", "{471BBAFB-0AE7-4078-B490-1DF9092DE2C5}"
EndProject
Project("{8BC9CEB8-8B4A-11D0-8D11-00A0C91BC942}") = "codegen-lib-w81", "codegen-lib-w81.vcxproj", "{05493381-1D99-4E7A-BF47-23B6E90DC7B3}"
EndProject
Project("{8BC9CEB8-8B4A-11D0-8D11-00A0C91BC942}") = "codegen-lib-wp8", "codegen-lib-wp8.vcxproj", "{0079F78B-5FC9-4E53-91FB-8C5DDD83E7C2}"
EndProject
Project("{8BC9CEB8-8B4A-11D0-8D11-00A0C91BC942}") = "codegen.wp8", "codegen.wp8\codegen.wp8.vcxproj", "{4469D6EF-EA95-4C46-A5CD-ED2EB5648056}"
	ProjectSection(ProjectDependencies) = postProject
		{0079F78B-5FC9-4E53-91FB-8C5DDD83E7C2} = {0079F78B-5FC9-4E53-91FB-8C5DDD83E7C2}
	EndProjectSection
EndProject
Project("{FAE04EC0-301F-11D3-BF4B-00C04F79EFBC}") = "test.codegen.wp8", "test.codegen.wp8\test.codegen.wp8.csproj", "{C584C418-859A-4CAF-ADBE-32E90894F2BE}"
EndProject
Project("{8BC9CEB8-8B4A-11D0-8D11-00A0C91BC942}") = "codegen.w81", "codegent.w81\codegent.w81.vcxproj", "{48965D1E-8727-4266-AF9D-662E419BF10E}"
	ProjectSection(ProjectDependencies) = postProject
		{05493381-1D99-4E7A-BF47-23B6E90DC7B3} = {05493381-1D99-4E7A-BF47-23B6E90DC7B3}
	EndProjectSection
EndProject
Project("{2150E333-8FDC-42A3-9474-1A3956D46DE8}") = "Windows Phone 8", "Windows Phone 8", "{116E831C-FF5B-4D6A-A4EE-E893B18233ED}"
EndProject
Project("{2150E333-8FDC-42A3-9474-1A3956D46DE8}") = "Windows 8.1", "Windows 8.1", "{E4C8C212-F3C8-4638-BCE3-3D1219878151}"
EndProject
Global
	GlobalSection(SolutionConfigurationPlatforms) = preSolution
		Debug|Any CPU = Debug|Any CPU
		Debug|ARM = Debug|ARM
		Debug|Mixed Platforms = Debug|Mixed Platforms
		Debug|Win32 = Debug|Win32
		Debug|x64 = Debug|x64
		Debug|x86 = Debug|x86
		Release|Any CPU = Release|Any CPU
		Release|ARM = Release|ARM
		Release|Mixed Platforms = Release|Mixed Platforms
		Release|Win32 = Release|Win32
		Release|x64 = Release|x64
		Release|x86 = Release|x86
	EndGlobalSection
	GlobalSection(ProjectConfigurationPlatforms) = postSolution
		{9B5D2654-C9B8-4DBC-BD77-4466EB5DF9CC}.Debug|Any CPU.ActiveCfg = Debug|Win32
		{9B5D2654-C9B8-4DBC-BD77-4466EB5DF9CC}.Debug|ARM.ActiveCfg = Debug|Win32
		{9B5D2654-C9B8-4DBC-BD77-4466EB5DF9CC}.Debug|Mixed Platforms.ActiveCfg = Debug|Win32
		{9B5D2654-C9B8-4DBC-BD77-4466EB5DF9CC}.Debug|Win32.ActiveCfg = Debug|Win32
		{9B5D2654-C9B8-4DBC-BD77-4466EB5DF9CC}.Debug|Win32.Build.0 = Debug|Win32
		{9B5D2654-C9B8-4DBC-BD77-4466EB5DF9CC}.Debug|x64.ActiveCfg = Debug|Win32
		{9B5D2654-C9B8-4DBC-BD77-4466EB5DF9CC}.Debug|x86.ActiveCfg = Debug|Win32
		{9B5D2654-C9B8-4DBC-BD77-4466EB5DF9CC}.Debug|x86.Build.0 = Debug|Win32
		{9B5D2654-C9B8-4DBC-BD77-4466EB5DF9CC}.Release|Any CPU.ActiveCfg = Release|Win32
		{9B5D2654-C9B8-4DBC-BD77-4466EB5DF9CC}.Release|ARM.ActiveCfg = Release|Win32
		{9B5D2654-C9B8-4DBC-BD77-4466EB5DF9CC}.Release|Mixed Platforms.ActiveCfg = Release|Win32
		{9B5D2654-C9B8-4DBC-BD77-4466EB5DF9CC}.Release|Mixed Platforms.Build.0 = Release|Win32
		{9B5D2654-C9B8-4DBC-BD77-4466EB5DF9CC}.Release|Win32.ActiveCfg = Release|Win32
		{9B5D2654-C9B8-4DBC-BD77-4466EB5DF9CC}.Release|Win32.Build.0 = Release|Win32
		{9B5D2654-C9B8-4DBC-BD77-4466EB5DF9CC}.Release|x64.ActiveCfg = Release|Win32
		{9B5D2654-C9B8-4DBC-BD77-4466EB5DF9CC}.Release|x86.ActiveCfg = Release|Win32
		{9B5D2654-C9B8-4DBC-BD77-4466EB5DF9CC}.Release|x86.Build.0 = Release|Win32
		{471BBAFB-0AE7-4078-B490-1DF9092DE2C5}.Debug|Any CPU.ActiveCfg = Debug|Win32
		{471BBAFB-0AE7-4078-B490-1DF9092DE2C5}.Debug|ARM.ActiveCfg = Debug|Win32
		{471BBAFB-0AE7-4078-B490-1DF9092DE2C5}.Debug|Mixed Platforms.ActiveCfg = Debug|Win32
		{471BBAFB-0AE7-4078-B490-1DF9092DE2C5}.Debug|Win32.ActiveCfg = Debug|Win32
		{471BBAFB-0AE7-4078-B490-1DF9092DE2C5}.Debug|Win32.Build.0 = Debug|Win32
		{471BBAFB-0AE7-4078-B490-1DF9092DE2C5}.Debug|x64.ActiveCfg = Debug|Win32
		{471BBAFB-0AE7-4078-B490-1DF9092DE2C5}.Debug|x86.ActiveCfg = Debug|Win32
		{471BBAFB-0AE7-4078-B490-1DF9092DE2C5}.Debug|x86.Build.0 = Debug|Win32
		{471BBAFB-0AE7-4078-B490-1DF9092DE2C5}.Release|Any CPU.ActiveCfg = Release|Win32
		{471BBAFB-0AE7-4078-B490-1DF9092DE2C5}.Release|ARM.ActiveCfg = Release|Win32
		{471BBAFB-0AE7-4078-B490-1DF9092DE2C5}.Release|Mixed Platforms.ActiveCfg = Release|Win32
		{471BBAFB-0AE7-4078-B490-1DF9092DE2C5}.Release|Mixed Platforms.Build.0 = Release|Win32
		{471BBAFB-0AE7-4078-B490-1DF9092DE2C5}.Release|Win32.ActiveCfg = Release|Win32
		{471BBAFB-0AE7-4078-B490-1DF9092DE2C5}.Release|Win32.Build.0 = Release|Win32
		{471BBAFB-0AE7-4078-B490-1DF9092DE2C5}.Release|x64.ActiveCfg = Release|Win32
		{471BBAFB-0AE7-4078-B490-1DF9092DE2C5}.Release|x86.ActiveCfg = Release|Win32
		{471BBAFB-0AE7-4078-B490-1DF9092DE2C5}.Release|x86.Build.0 = Release|Win32
		{05493381-1D99-4E7A-BF47-23B6E90DC7B3}.Debug|Any CPU.ActiveCfg = Debug|Win32
		{05493381-1D99-4E7A-BF47-23B6E90DC7B3}.Debug|ARM.ActiveCfg = Debug|ARM
		{05493381-1D99-4E7A-BF47-23B6E90DC7B3}.Debug|ARM.Build.0 = Debug|ARM
		{05493381-1D99-4E7A-BF47-23B6E90DC7B3}.Debug|Mixed Platforms.ActiveCfg = Debug|Win32
		{05493381-1D99-4E7A-BF47-23B6E90DC7B3}.Debug|Win32.ActiveCfg = Debug|Win32
		{05493381-1D99-4E7A-BF47-23B6E90DC7B3}.Debug|Win32.Build.0 = Debug|Win32
		{05493381-1D99-4E7A-BF47-23B6E90DC7B3}.Debug|x64.ActiveCfg = Debug|x64
		{05493381-1D99-4E7A-BF47-23B6E90DC7B3}.Debug|x64.Build.0 = Debug|x64
		{05493381-1D99-4E7A-BF47-23B6E90DC7B3}.Debug|x86.ActiveCfg = Debug|Win32
		{05493381-1D99-4E7A-BF47-23B6E90DC7B3}.Debug|x86.Build.0 = Debug|Win32
		{05493381-1D99-4E7A-BF47-23B6E90DC7B3}.Release|Any CPU.ActiveCfg = Release|Win32
		{05493381-1D99-4E7A-BF47-23B6E90DC7B3}.Release|ARM.ActiveCfg = Release|ARM
		{05493381-1D99-4E7A-BF47-23B6E90DC7B3}.Release|ARM.Build.0 = Release|ARM
		{05493381-1D99-4E7A-BF47-23B6E90DC7B3}.Release|Mixed Platforms.ActiveCfg = Release|Win32
		{05493381-1D99-4E7A-BF47-23B6E90DC7B3}.Release|Mixed Platforms.Build.0 = Release|Win32
		{05493381-1D99-4E7A-BF47-23B6E90DC7B3}.Release|Win32.ActiveCfg = Release|Win32
		{05493381-1D99-4E7A-BF47-23B6E90DC7B3}.Release|Win32.Build.0 = Release|Win32
		{05493381-1D99-4E7A-BF47-23B6E90DC7B3}.Release|x64.ActiveCfg = Release|x64
		{05493381-1D99-4E7A-BF47-23B6E90DC7B3}.Release|x64.Build.0 = Release|x64
		{05493381-1D99-4E7A-BF47-23B6E90DC7B3}.Release|x86.ActiveCfg = Release|Win32
		{05493381-1D99-4E7A-BF47-23B6E90DC7B3}.Release|x86.Build.0 = Release|Win32
		{0079F78B-5FC9-4E53-91FB-8C5DDD83E7C2}.Debug|Any CPU.ActiveCfg = Debug|Win32
		{0079F78B-5FC9-4E53-91FB-8C5DDD83E7C2}.Debug|ARM.ActiveCfg = Debug|ARM
		{0079F78B-5FC9-4E53-91FB-8C5DDD83E7C2}.Debug|ARM.Build.0 = Debug|ARM
		{0079F78B-5FC9-4E53-91FB-8C5DDD83E7C2}.Debug|Mixed Platforms.ActiveCfg = Debug|Win32
		{0079F78B-5FC9-4E53-91FB-8C5DDD83E7C2}.Debug|Mixed Platforms.Build.0 = Debug|Win32
		{0079F78B-5FC9-4E53-91FB-8C5DDD83E7C2}.Debug|Win32.ActiveCfg = Debug|Win32
		{0079F78B-5FC9-4E53-91FB-8C5DDD83E7C2}.Debug|Win32.Build.0 = Debug|Win32
		{0079F78B-5FC9-4E53-91FB-8C5DDD83E7C2}.Debug|x64.ActiveCfg = Debug|Win32
		{0079F78B-5FC9-4E53-91FB-8C5DDD83E7C2}.Debug|x86.ActiveCfg = Debug|Win32
		{0079F78B-5FC9-4E53-91FB-8C5DDD83E7C2}.Debug|x86.Build.0 = Debug|Win32
		{0079F78B-5FC9-4E53-91FB-8C5DDD83E7C2}.Release|Any CPU.ActiveCfg = Release|Win32
		{0079F78B-5FC9-4E53-91FB-8C5DDD83E7C2}.Release|ARM.ActiveCfg = Release|ARM
		{0079F78B-5FC9-4E53-91FB-8C5DDD83E7C2}.Release|ARM.Build.0 = Release|ARM
		{0079F78B-5FC9-4E53-91FB-8C5DDD83E7C2}.Release|Mixed Platforms.ActiveCfg = Release|Win32
		{0079F78B-5FC9-4E53-91FB-8C5DDD83E7C2}.Release|Mixed Platforms.Build.0 = Release|Win32
		{0079F78B-5FC9-4E53-91FB-8C5DDD83E7C2}.Release|Win32.ActiveCfg = Release|Win32
		{0079F78B-5FC9-4E53-91FB-8C5DDD83E7C2}.Release|Win32.Build.0 = Release|Win32
		{0079F78B-5FC9-4E53-91FB-8C5DDD83E7C2}.Release|x64.ActiveCfg = Release|Win32
		{0079F78B-5FC9-4E53-91FB-8C5DDD83E7C2}.Release|x86.ActiveCfg = Release|Win32
		{0079F78B-5FC9-4E53-91FB-8C5DDD83E7C2}.Release|x86.Build.0 = Release|Win32
		{4469D6EF-EA95-4C46-A5CD-ED2EB5648056}.Debug|Any CPU.ActiveCfg = Debug|Win32
		{4469D6EF-EA95-4C46-A5CD-ED2EB5648056}.Debug|ARM.ActiveCfg = Debug|ARM
		{4469D6EF-EA95-4C46-A5CD-ED2EB5648056}.Debug|ARM.Build.0 = Debug|ARM
		{4469D6EF-EA95-4C46-A5CD-ED2EB5648056}.Debug|Mixed Platforms.ActiveCfg = Debug|Win32
		{4469D6EF-EA95-4C46-A5CD-ED2EB5648056}.Debug|Mixed Platforms.Build.0 = Debug|Win32
		{4469D6EF-EA95-4C46-A5CD-ED2EB5648056}.Debug|Win32.ActiveCfg = Debug|Win32
		{4469D6EF-EA95-4C46-A5CD-ED2EB5648056}.Debug|Win32.Build.0 = Debug|Win32
		{4469D6EF-EA95-4C46-A5CD-ED2EB5648056}.Debug|x64.ActiveCfg = Debug|Win32
		{4469D6EF-EA95-4C46-A5CD-ED2EB5648056}.Debug|x86.ActiveCfg = Debug|Win32
		{4469D6EF-EA95-4C46-A5CD-ED2EB5648056}.Debug|x86.Build.0 = Debug|Win32
		{4469D6EF-EA95-4C46-A5CD-ED2EB5648056}.Release|Any CPU.ActiveCfg = Release|Win32
		{4469D6EF-EA95-4C46-A5CD-ED2EB5648056}.Release|ARM.ActiveCfg = Release|ARM
		{4469D6EF-EA95-4C46-A5CD-ED2EB5648056}.Release|ARM.Build.0 = Release|ARM
		{4469D6EF-EA95-4C46-A5CD-ED2EB5648056}.Release|Mixed Platforms.ActiveCfg = Release|Win32
		{4469D6EF-EA95-4C46-A5CD-ED2EB5648056}.Release|Mixed Platforms.Build.0 = Release|Win32
		{4469D6EF-EA95-4C46-A5CD-ED2EB5648056}.Release|Win32.ActiveCfg = Release|Win32
		{4469D6EF-EA95-4C46-A5CD-ED2EB5648056}.Release|Win32.Build.0 = Release|Win32
		{4469D6EF-EA95-4C46-A5CD-ED2EB5648056}.Release|x64.ActiveCfg = Release|Win32
		{4469D6EF-EA95-4C46-A5CD-ED2EB5648056}.Release|x86.ActiveCfg = Release|Win32
		{4469D6EF-EA95-4C46-A5CD-ED2EB5648056}.Release|x86.Build.0 = Release|Win32
		{C584C418-859A-4CAF-ADBE-32E90894F2BE}.Debug|Any CPU.ActiveCfg = Debug|Any CPU
		{C584C418-859A-4CAF-ADBE-32E90894F2BE}.Debug|Any CPU.Build.0 = Debug|Any CPU
		{C584C418-859A-4CAF-ADBE-32E90894F2BE}.Debug|Any CPU.Deploy.0 = Debug|Any CPU
		{C584C418-859A-4CAF-ADBE-32E90894F2BE}.Debug|ARM.ActiveCfg = Debug|ARM
		{C584C418-859A-4CAF-ADBE-32E90894F2BE}.Debug|ARM.Build.0 = Debug|ARM
		{C584C418-859A-4CAF-ADBE-32E90894F2BE}.Debug|ARM.Deploy.0 = Debug|ARM
		{C584C418-859A-4CAF-ADBE-32E90894F2BE}.Debug|Mixed Platforms.ActiveCfg = Debug|x86
		{C584C418-859A-4CAF-ADBE-32E90894F2BE}.Debug|Mixed Platforms.Build.0 = Debug|x86
		{C584C418-859A-4CAF-ADBE-32E90894F2BE}.Debug|Mixed Platforms.Deploy.0 = Debug|x86
		{C584C418-859A-4CAF-ADBE-32E90894F2BE}.Debug|Win32.ActiveCfg = Debug|x86
		{C584C418-859A-4CAF-ADBE-32E90894F2BE}.Debug|Win32.Build.0 = Debug|x86
		{C584C418-859A-4CAF-ADBE-32E90894F2BE}.Debug|Win32.Deploy.0 = Debug|x86
		{C584C418-859A-4CAF-ADBE-32E90894F2BE}.Debug|x64.ActiveCfg = Debug|Any CPU
		{C584C418-859A-4CAF-ADBE-32E90894F2BE}.Debug|x86.ActiveCfg = Debug|x86
		{C584C418-859A-4CAF-ADBE-32E90894F2BE}.Debug|x86.Build.0 = Debug|x86
		{C584C418-859A-4CAF-ADBE-32E90894F2BE}.Debug|x86.Deploy.0 = Debug|x86
		{C584C418-859A-4CAF-ADBE-32E90894F2BE}.Release|Any CPU.ActiveCfg = Release|Any CPU
		{C584C418-859A-4CAF-ADBE-32E90894F2BE}.Release|Any CPU.Build.0 = Release|Any CPU
		{C584C418-859A-4CAF-ADBE-32E90894F2BE}.Release|Any CPU.Deploy.0 = Release|Any CPU
		{C584C418-859A-4CAF-ADBE-32E90894F2BE}.Release|ARM.ActiveCfg = Release|ARM
		{C584C418-859A-4CAF-ADBE-32E90894F2BE}.Release|ARM.Build.0 = Release|ARM
		{C584C418-859A-4CAF-ADBE-32E90894F2BE}.Release|ARM.Deploy.0 = Release|ARM
		{C584C418-859A-4CAF-ADBE-32E90894F2BE}.Release|Mixed Platforms.ActiveCfg = Release|x86
		{C584C418-859A-4CAF-ADBE-32E90894F2BE}.Release|Mixed Platforms.Build.0 = Release|x86
		{C584C418-859A-4CAF-ADBE-32E90894F2BE}.Release|Mixed Platforms.Deploy.0 = Release|x86
		{C584C418-859A-4CAF-ADBE-32E90894F2BE}.Release|Win32.ActiveCfg = Release|x86
		{C584C418-859A-4CAF-ADBE-32E90894F2BE}.Release|Win32.Build.0 = Release|x86
		{C584C418-859A-4CAF-ADBE-32E90894F2BE}.Release|Win32.Deploy.0 = Release|x86
		{C584C418-859A-4CAF-ADBE-32E90894F2BE}.Release|x64.ActiveCfg = Release|Any CPU
		{C584C418-859A-4CAF-ADBE-32E90894F2BE}.Release|x86.ActiveCfg = Release|x86
		{C584C418-859A-4CAF-ADBE-32E90894F2BE}.Release|x86.Build.0 = Release|x86
		{C584C418-859A-4CAF-ADBE-32E90894F2BE}.Release|x86.Deploy.0 = Release|x86
		{48965D1E-8727-4266-AF9D-662E419BF10E}.Debug|Any CPU.ActiveCfg = Debug|Win32
		{48965D1E-8727-4266-AF9D-662E419BF10E}.Debug|ARM.ActiveCfg = Debug|ARM
		{48965D1E-8727-4266-AF9D-662E419BF10E}.Debug|ARM.Build.0 = Debug|ARM
		{48965D1E-8727-4266-AF9D-662E419BF10E}.Debug|Mixed Platforms.ActiveCfg = Debug|Win32
		{48965D1E-8727-4266-AF9D-662E419BF10E}.Debug|Mixed Platforms.Build.0 = Debug|Win32
		{48965D1E-8727-4266-AF9D-662E419BF10E}.Debug|Win32.ActiveCfg = Debug|Win32
		{48965D1E-8727-4266-AF9D-662E419BF10E}.Debug|Win32.Build.0 = Debug|Win32
		{48965D1E-8727-4266-AF9D-662E419BF10E}.Debug|x64.ActiveCfg = Debug|x64
		{48965D1E-8727-4266-AF9D-662E419BF10E}.Debug|x64.Build.0 = Debug|x64
		{48965D1E-8727-4266-AF9D-662E419BF10E}.Debug|x86.ActiveCfg = Debug|Win32
		{48965D1E-8727-4266-AF9D-662E419BF10E}.Debug|x86.Build.0 = Debug|Win32
		{48965D1E-8727-4266-AF9D-662E419BF10E}.Release|Any CPU.ActiveCfg = Release|Win32
		{48965D1E-8727-4266-AF9D-662E419BF10E}.Release|ARM.ActiveCfg = Release|ARM
		{48965D1E-8727-4266-AF9D-662E419BF10E}.Release|ARM.Build.0 = Release|ARM
		{48965D1E-8727-4266-AF9D-662E419BF10E}.Release|Mixed Platforms.ActiveCfg = Release|Win32
		{48965D1E-8727-4266-AF9D-662E419BF10E}.Release|Mixed Platforms.Build.0 = Release|Win32
		{48965D1E-8727-4266-AF9D-662E419BF10E}.Release|Win32.ActiveCfg = Release|Win32
		{48965D1E-8727-4266-AF9D-662E419BF10E}.Release|Win32.Build.0 = Release|Win32
		{48965D1E-8727-4266-AF9D-662E419BF10E}.Release|x64.ActiveCfg = Release|x64
		{48965D1E-8727-4266-AF9D-662E419BF10E}.Release|x64.Build.0 = Release|x64
		{48965D1E-8727-4266-AF9D-662E419BF10E}.Release|x86.ActiveCfg = Release|Win32
		{48965D1E-8727-4266-AF9D-662E419BF10E}.Release|x86.Build.0 = Release|Win32
	EndGlobalSection
	GlobalSection(SolutionProperties) = preSolution
		HideSolutionNode = FALSE
	EndGlobalSection
	GlobalSection(NestedProjects) = preSolution
		{0079F78B-5FC9-4E53-91FB-8C5DDD83E7C2} = {116E831C-FF5B-4D6A-A4EE-E893B18233ED}
		{4469D6EF-EA95-4C46-A5CD-ED2EB5648056} = {116E831C-FF5B-4D6A-A4EE-E893B18233ED}
		{C584C418-859A-4CAF-ADBE-32E90894F2BE} = {116E831C-FF5B-4D6A-A4EE-E893B18233ED}
		{48965D1E-8727-4266-AF9D-662E419BF10E} = {E4C8C212-F3C8-4638-BCE3-3D1219878151}
		{05493381-1D99-4E7A-BF47-23B6E90DC7B3} = {E4C8C212-F3C8-4638-BCE3-3D1219878151}
	EndGlobalSection
EndGlobal
